
Microsoft Visual Studio Solution File, Format Version 12.00
# Visual Studio Version 16
VisualStudioVersion = 16.0.32802.440
MinimumVisualStudioVersion = 10.0.40219.1
Project("{FAE04EC0-301F-11D3-BF4B-00C04F79EFBC}") = "u21600393_HW05", "u21600393_HW05\u21600393_HW05.csproj", "{AA32A362-7FB1-49B6-A057-2B2749690A76}"
EndProject
Global
	GlobalSection(SolutionConfigurationPlatforms) = preSolution
		Debug|Any CPU = Debug|Any CPU
		Release|Any CPU = Release|Any CPU
	EndGlobalSection
	GlobalSection(ProjectConfigurationPlatforms) = postSolution
		{AA32A362-7FB1-49B6-A057-2B2749690A76}.Debug|Any CPU.ActiveCfg = Debug|Any CPU
		{AA32A362-7FB1-49B6-A057-2B2749690A76}.Debug|Any CPU.Build.0 = Debug|Any CPU
		{AA32A362-7FB1-49B6-A057-2B2749690A76}.Release|Any CPU.ActiveCfg = Release|Any CPU
		{AA32A362-7FB1-49B6-A057-2B2749690A76}.Release|Any CPU.Build.0 = Release|Any CPU
	EndGlobalSection
	GlobalSection(SolutionProperties) = preSolution
		HideSolutionNode = FALSE
	EndGlobalSection
	GlobalSection(ExtensibilityGlobals) = postSolution
		SolutionGuid = {7F7565AF-316A-4D1D-9C97-7C7D7A23D870}
	EndGlobalSection
EndGlobal
